# Container image digest pins (REPRO-01).
# Digests resolved at first-pull on the cloud substrate (Phase 2 for CUDA;
# Phase 3 for ROCm). Phase 1 ships the schema + image_ref + tag; the
# `digest` field is the literal string "pending" until cloud-side resolution.
#
# Schema validated by pydantic in tests/test_lockfiles.py.

images:
  # rbox-pod (derived) — the entrypoint-baked image actually deployed to pods.
  # Operator-resolved digests for each revision are recorded here for repro;
  # the live default is also pinned in orchestration/runpod_h100.py:_DEFAULT_IMAGE.
  - provider: runpod
    rail: cuda
    image_ref: ghcr.io/consultingfuture4200/rbox-pod
    tag: v19a
    digest: sha256:dc3661f12e0ad35b4b21dedf782895496abf80aeb2d1dc90b1fb71b701e03047
    registry: ghcr.io
    captured_utc: "2026-05-12T08:50:00Z"
    notes: "Image v19a strata-only rebuild. Adds STRATA_PATH env override in pod_entrypoint.sh + bundles assets/corpus_hesitation + bakes config/phase3_strata.yaml. Chatterbox install deferred to v20 (plan 03-04 scope). Supersedes v18 sha256:abcf19f8…ea9d217."

  - provider: runpod
    rail: cuda
    image_ref: vllm/vllm-openai
    tag: v0.10.0
    digest: pending
    registry: docker.io
    captured_utc: pending
    notes: "vLLM CUDA 12.4 wheel; matches config/substrates.yaml cuda.image_ref."

  - provider: runpod
    rail: cuda
    image_ref: nvcr.io/nvidia/pytorch
    tag: 25.04-py3
    digest: pending
    registry: nvcr.io
    captured_utc: pending
    notes: "NGC PyTorch base image for STT/TTS dev work on H100 (preflight)."

  - provider: tensorwave
    rail: rocm
    image_ref: rocm/vllm
    tag: rocm6.4_mi300_ubuntu22.04_py3.11_vllm_0.10.0
    digest: pending
    registry: docker.io
    captured_utc: pending
    notes: "AMD-validated MI300X-tuned vLLM ROCm 6.4."

  - provider: tensorwave
    rail: rocm
    image_ref: rocm/pytorch
    tag: rocm6.4_ubuntu22.04_py3.10_pytorch_2.5.1
    digest: pending
    registry: docker.io
    captured_utc: pending
    notes: "AMD-validated PyTorch ROCm 6.4 base for STT/TTS dev on MI300X."

  # Plan 03-01 Task 5 checkpoint, 2026-05-11: D-32-A1 base image migration.
  # Original CLAUDE.md §2.1 base tag (rocm/vllm:rocm6.4_mi300_ubuntu22.04_py3.11_vllm_0.10.x)
  # does not exist on Docker Hub. Migrated to current AMD-published ROCm 7.12
  # base for the rbox-pod-rocm derived image. See
  # .planning/phases/03-rocm-validation/03-01-AMENDMENTS.md for full rationale.
  - provider: vultr
    rail: rocm
    image_ref: ghcr.io/consultingfuture4200/rbox-pod-rocm
    tag: v1
    digest: pending
    registry: ghcr.io
    captured_utc: pending
    base_image_ref: rocm/vllm:rocm7.12.0_gfx94X-dcgpu_ubuntu24.04_py3.12_pytorch_2.9.1_vllm_0.16.0
    base_image_digest: sha256:997f858b973cb4e9566653a180c79bc27170bd87585a6930f9257346869a28f7
    base_image_captured_utc: "2026-05-11T17:52:03Z"
    notes: "Custom ROCm pod image; FROM rocm/vllm:rocm7.12.0_gfx94X-dcgpu_* per D-32-A1 (amended); baked tools/pod_entrypoint.sh ENTRYPOINT per D-32. Used by orchestration/vultr_mi300x.py (now backup-only per D-31-A4) and a forthcoming orchestration/tensorwave_mi300x.py (primary). Derived-image digest pinned by operator after a TensorWave-validated dev pod confirms the new base runs faster-whisper / Kokoro / Chatterbox cleanly. gfx1151 counterpart digest (Phase 4 opportunity): sha256:8a09c886e1bab993f5e12faec669579c8455e5ca1ab31553350f87c3e26ca5a1."
